
Microsoft Visual Studio Solution File, Format Version 12.00
# Visual Studio Version 17
VisualStudioVersion = 17.6.33723.286
MinimumVisualStudioVersion = 10.0.40219.1
Project("{FAE04EC0-301F-11D3-BF4B-00C04F79EFBC}") = "PastaneOtomasyon", "PastaneOtomasyon\PastaneOtomasyon.csproj", "{A0C58730-C973-4624-9C26-B5D4B4C0ACF8}"
EndProject
Global
	GlobalSection(SolutionConfigurationPlatforms) = preSolution
		Debug|Any CPU = Debug|Any CPU
		Release|Any CPU = Release|Any CPU
	EndGlobalSection
	GlobalSection(ProjectConfigurationPlatforms) = postSolution
		{A0C58730-C973-4624-9C26-B5D4B4C0ACF8}.Debug|Any CPU.ActiveCfg = Debug|Any CPU
		{A0C58730-C973-4624-9C26-B5D4B4C0ACF8}.Debug|Any CPU.Build.0 = Debug|Any CPU
		{A0C58730-C973-4624-9C26-B5D4B4C0ACF8}.Release|Any CPU.ActiveCfg = Release|Any CPU
		{A0C58730-C973-4624-9C26-B5D4B4C0ACF8}.Release|Any CPU.Build.0 = Release|Any CPU
	EndGlobalSection
	GlobalSection(SolutionProperties) = preSolution
		HideSolutionNode = FALSE
	EndGlobalSection
	GlobalSection(ExtensibilityGlobals) = postSolution
		SolutionGuid = {5E150386-E060-401F-823A-91DD3E6CD197}
	EndGlobalSection
EndGlobal
